
Microsoft Visual Studio Solution File, Format Version 12.00
# Visual Studio Version 17
VisualStudioVersion = 17.8.34525.116
MinimumVisualStudioVersion = 10.0.40219.1
Project("{2150E333-8FDC-42A3-9474-1A3956D46DE8}") = "Services", "Services", "{5DA09A15-616E-4B9A-ABA6-297B98338971}"
EndProject
Project("{9A19103F-16F7-4668-BE54-9A1E7A4F7556}") = "Store.Services.AuthAPI", "Store.Services.AuthAPI\Store.Services.AuthAPI.csproj", "{84368AE8-2BCB-457C-A557-9503C2EC790E}"
EndProject
Project("{9A19103F-16F7-4668-BE54-9A1E7A4F7556}") = "Store.Services.ProductAPI", "Store.Services.ProductAPI\Store.Services.ProductAPI.csproj", "{C05AAC88-389D-4AF5-8E5F-3AB524BEDB75}"
EndProject
Project("{9A19103F-16F7-4668-BE54-9A1E7A4F7556}") = "Store.Services.ShoppingCartAPI", "Store.Services.ShoppingCartAPI\Store.Services.ShoppingCartAPI.csproj", "{BD051826-BABB-4BF0-A12F-88500D397903}"
EndProject
Project("{2150E333-8FDC-42A3-9474-1A3956D46DE8}") = "Front", "Front", "{6CD97642-0342-4D5D-890E-BD0072E18FD0}"
EndProject
Project("{9A19103F-16F7-4668-BE54-9A1E7A4F7556}") = "ShoeStore.Web", "ShoeStore.Web\ShoeStore.Web.csproj", "{C1554A80-49FA-4B17-BA37-F66FD7CC245C}"
EndProject
Project("{2150E333-8FDC-42A3-9474-1A3956D46DE8}") = "Gateway", "Gateway", "{04786688-A04C-469C-BBEB-F6B11C410255}"
EndProject
Project("{FAE04EC0-301F-11D3-BF4B-00C04F79EFBC}") = "ShoeStore.Gateway", "ShoeStore.Gateway\ShoeStore.Gateway.csproj", "{9316252C-E904-48FD-BC07-97767B70CF2D}"
EndProject
Global
	GlobalSection(SolutionConfigurationPlatforms) = preSolution
		Debug|Any CPU = Debug|Any CPU
		Release|Any CPU = Release|Any CPU
	EndGlobalSection
	GlobalSection(ProjectConfigurationPlatforms) = postSolution
		{84368AE8-2BCB-457C-A557-9503C2EC790E}.Debug|Any CPU.ActiveCfg = Debug|Any CPU
		{84368AE8-2BCB-457C-A557-9503C2EC790E}.Debug|Any CPU.Build.0 = Debug|Any CPU
		{84368AE8-2BCB-457C-A557-9503C2EC790E}.Release|Any CPU.ActiveCfg = Release|Any CPU
		{84368AE8-2BCB-457C-A557-9503C2EC790E}.Release|Any CPU.Build.0 = Release|Any CPU
		{C05AAC88-389D-4AF5-8E5F-3AB524BEDB75}.Debug|Any CPU.ActiveCfg = Debug|Any CPU
		{C05AAC88-389D-4AF5-8E5F-3AB524BEDB75}.Debug|Any CPU.Build.0 = Debug|Any CPU
		{C05AAC88-389D-4AF5-8E5F-3AB524BEDB75}.Release|Any CPU.ActiveCfg = Release|Any CPU
		{C05AAC88-389D-4AF5-8E5F-3AB524BEDB75}.Release|Any CPU.Build.0 = Release|Any CPU
		{BD051826-BABB-4BF0-A12F-88500D397903}.Debug|Any CPU.ActiveCfg = Debug|Any CPU
		{BD051826-BABB-4BF0-A12F-88500D397903}.Debug|Any CPU.Build.0 = Debug|Any CPU
		{BD051826-BABB-4BF0-A12F-88500D397903}.Release|Any CPU.ActiveCfg = Release|Any CPU
		{BD051826-BABB-4BF0-A12F-88500D397903}.Release|Any CPU.Build.0 = Release|Any CPU
		{C1554A80-49FA-4B17-BA37-F66FD7CC245C}.Debug|Any CPU.ActiveCfg = Debug|Any CPU
		{C1554A80-49FA-4B17-BA37-F66FD7CC245C}.Debug|Any CPU.Build.0 = Debug|Any CPU
		{C1554A80-49FA-4B17-BA37-F66FD7CC245C}.Release|Any CPU.ActiveCfg = Release|Any CPU
		{C1554A80-49FA-4B17-BA37-F66FD7CC245C}.Release|Any CPU.Build.0 = Release|Any CPU
		{9316252C-E904-48FD-BC07-97767B70CF2D}.Debug|Any CPU.ActiveCfg = Debug|Any CPU
		{9316252C-E904-48FD-BC07-97767B70CF2D}.Debug|Any CPU.Build.0 = Debug|Any CPU
		{9316252C-E904-48FD-BC07-97767B70CF2D}.Release|Any CPU.ActiveCfg = Release|Any CPU
		{9316252C-E904-48FD-BC07-97767B70CF2D}.Release|Any CPU.Build.0 = Release|Any CPU
	EndGlobalSection
	GlobalSection(SolutionProperties) = preSolution
		HideSolutionNode = FALSE
	EndGlobalSection
	GlobalSection(NestedProjects) = preSolution
		{84368AE8-2BCB-457C-A557-9503C2EC790E} = {5DA09A15-616E-4B9A-ABA6-297B98338971}
		{C05AAC88-389D-4AF5-8E5F-3AB524BEDB75} = {5DA09A15-616E-4B9A-ABA6-297B98338971}
		{BD051826-BABB-4BF0-A12F-88500D397903} = {5DA09A15-616E-4B9A-ABA6-297B98338971}
		{C1554A80-49FA-4B17-BA37-F66FD7CC245C} = {6CD97642-0342-4D5D-890E-BD0072E18FD0}
		{9316252C-E904-48FD-BC07-97767B70CF2D} = {04786688-A04C-469C-BBEB-F6B11C410255}
	EndGlobalSection
	GlobalSection(ExtensibilityGlobals) = postSolution
		SolutionGuid = {5859B5DD-85D8-403E-83A5-92AF2955856A}
	EndGlobalSection
EndGlobal
